
Microsoft Visual Studio Solution File, Format Version 12.00
# Visual Studio Version 16
VisualStudioVersion = 16.0.31729.503
MinimumVisualStudioVersion = 10.0.40219.1
Project("{FAE04EC0-301F-11D3-BF4B-00C04F79EFBC}") = "WcfService1", "WcfService1\WcfService1.csproj", "{05A3DEE4-9153-4EF7-B533-57D8A02DC6D4}"
EndProject
Project("{FAE04EC0-301F-11D3-BF4B-00C04F79EFBC}") = "ConsoleApp11", "ConsoleApp11\ConsoleApp11.csproj", "{024E412A-AEAA-42B5-A785-33469BA2006B}"
EndProject
Global
	GlobalSection(SolutionConfigurationPlatforms) = preSolution
		Debug|Any CPU = Debug|Any CPU
		Release|Any CPU = Release|Any CPU
	EndGlobalSection
	GlobalSection(ProjectConfigurationPlatforms) = postSolution
		{05A3DEE4-9153-4EF7-B533-57D8A02DC6D4}.Debug|Any CPU.ActiveCfg = Debug|Any CPU
		{05A3DEE4-9153-4EF7-B533-57D8A02DC6D4}.Debug|Any CPU.Build.0 = Debug|Any CPU
		{05A3DEE4-9153-4EF7-B533-57D8A02DC6D4}.Release|Any CPU.ActiveCfg = Release|Any CPU
		{05A3DEE4-9153-4EF7-B533-57D8A02DC6D4}.Release|Any CPU.Build.0 = Release|Any CPU
		{024E412A-AEAA-42B5-A785-33469BA2006B}.Debug|Any CPU.ActiveCfg = Debug|Any CPU
		{024E412A-AEAA-42B5-A785-33469BA2006B}.Debug|Any CPU.Build.0 = Debug|Any CPU
		{024E412A-AEAA-42B5-A785-33469BA2006B}.Release|Any CPU.ActiveCfg = Release|Any CPU
		{024E412A-AEAA-42B5-A785-33469BA2006B}.Release|Any CPU.Build.0 = Release|Any CPU
	EndGlobalSection
	GlobalSection(SolutionProperties) = preSolution
		HideSolutionNode = FALSE
	EndGlobalSection
	GlobalSection(ExtensibilityGlobals) = postSolution
		SolutionGuid = {DF249B1D-A5FA-4CD1-AEB2-FCD46D7EE529}
	EndGlobalSection
EndGlobal
